
Microsoft Visual Studio Solution File, Format Version 12.00
# Visual Studio Version 16
VisualStudioVersion = 16.0.30804.86
MinimumVisualStudioVersion = 10.0.40219.1
Project("{9A19103F-16F7-4668-BE54-9A1E7A4F7556}") = "ConsoleApp1", "ConsoleApp1\ConsoleApp1.csproj", "{A9C6A9D5-D530-4757-8D6C-15592B6C7794}"
EndProject
Project("{9A19103F-16F7-4668-BE54-9A1E7A4F7556}") = "Döngüler", "Döngüler\Döngüler.csproj", "{C7F813D7-78C3-499B-912E-D9107CA35CEE}"
EndProject
Project("{9A19103F-16F7-4668-BE54-9A1E7A4F7556}") = "ClassIntro", "ClassIntro\ClassIntro.csproj", "{03DFB369-4D9D-4DB2-BB89-06F9B018E53F}"
EndProject
Project("{9A19103F-16F7-4668-BE54-9A1E7A4F7556}") = "ClassIntro2", "ClassIntro2\ClassIntro2.csproj", "{EDFCD4AC-8C7B-4C4A-8C3A-B69CCCAF6AE2}"
EndProject
Project("{9A19103F-16F7-4668-BE54-9A1E7A4F7556}") = "class", "class\class.csproj", "{9F8D4E7C-704B-4F7A-B797-E09856CDA963}"
EndProject
Project("{FAE04EC0-301F-11D3-BF4B-00C04F79EFBC}") = "ClassIntro3", "ClassIntro3\ClassIntro3.csproj", "{96167142-C1FD-4A64-8C0A-1E23016AFF02}"
EndProject
Project("{FAE04EC0-301F-11D3-BF4B-00C04F79EFBC}") = "Methodlar", "Methodlar\Methodlar.csproj", "{A4B17EA2-E738-49B8-9C1A-5C1DC953917B}"
EndProject
Project("{FAE04EC0-301F-11D3-BF4B-00C04F79EFBC}") = "Matematik", "Matematik\Matematik.csproj", "{0F9B2924-567F-404B-BC29-B87AE330C3D3}"
EndProject
Project("{FAE04EC0-301F-11D3-BF4B-00C04F79EFBC}") = "DegerVeReferansTipler", "DegerVeReferansTipler\DegerVeReferansTipler.csproj", "{19D476EE-9251-40EC-ABEC-5C2D8F4B0390}"
EndProject
Global
	GlobalSection(SolutionConfigurationPlatforms) = preSolution
		Debug|Any CPU = Debug|Any CPU
		Release|Any CPU = Release|Any CPU
	EndGlobalSection
	GlobalSection(ProjectConfigurationPlatforms) = postSolution
		{A9C6A9D5-D530-4757-8D6C-15592B6C7794}.Debug|Any CPU.ActiveCfg = Debug|Any CPU
		{A9C6A9D5-D530-4757-8D6C-15592B6C7794}.Debug|Any CPU.Build.0 = Debug|Any CPU
		{A9C6A9D5-D530-4757-8D6C-15592B6C7794}.Release|Any CPU.ActiveCfg = Release|Any CPU
		{A9C6A9D5-D530-4757-8D6C-15592B6C7794}.Release|Any CPU.Build.0 = Release|Any CPU
		{C7F813D7-78C3-499B-912E-D9107CA35CEE}.Debug|Any CPU.ActiveCfg = Debug|Any CPU
		{C7F813D7-78C3-499B-912E-D9107CA35CEE}.Debug|Any CPU.Build.0 = Debug|Any CPU
		{C7F813D7-78C3-499B-912E-D9107CA35CEE}.Release|Any CPU.ActiveCfg = Release|Any CPU
		{C7F813D7-78C3-499B-912E-D9107CA35CEE}.Release|Any CPU.Build.0 = Release|Any CPU
		{03DFB369-4D9D-4DB2-BB89-06F9B018E53F}.Debug|Any CPU.ActiveCfg = Debug|Any CPU
		{03DFB369-4D9D-4DB2-BB89-06F9B018E53F}.Debug|Any CPU.Build.0 = Debug|Any CPU
		{03DFB369-4D9D-4DB2-BB89-06F9B018E53F}.Release|Any CPU.ActiveCfg = Release|Any CPU
		{03DFB369-4D9D-4DB2-BB89-06F9B018E53F}.Release|Any CPU.Build.0 = Release|Any CPU
		{EDFCD4AC-8C7B-4C4A-8C3A-B69CCCAF6AE2}.Debug|Any CPU.ActiveCfg = Debug|Any CPU
		{EDFCD4AC-8C7B-4C4A-8C3A-B69CCCAF6AE2}.Debug|Any CPU.Build.0 = Debug|Any CPU
		{EDFCD4AC-8C7B-4C4A-8C3A-B69CCCAF6AE2}.Release|Any CPU.ActiveCfg = Release|Any CPU
		{EDFCD4AC-8C7B-4C4A-8C3A-B69CCCAF6AE2}.Release|Any CPU.Build.0 = Release|Any CPU
		{9F8D4E7C-704B-4F7A-B797-E09856CDA963}.Debug|Any CPU.ActiveCfg = Debug|Any CPU
		{9F8D4E7C-704B-4F7A-B797-E09856CDA963}.Debug|Any CPU.Build.0 = Debug|Any CPU
		{9F8D4E7C-704B-4F7A-B797-E09856CDA963}.Release|Any CPU.ActiveCfg = Release|Any CPU
		{9F8D4E7C-704B-4F7A-B797-E09856CDA963}.Release|Any CPU.Build.0 = Release|Any CPU
		{96167142-C1FD-4A64-8C0A-1E23016AFF02}.Debug|Any CPU.ActiveCfg = Debug|Any CPU
		{96167142-C1FD-4A64-8C0A-1E23016AFF02}.Debug|Any CPU.Build.0 = Debug|Any CPU
		{96167142-C1FD-4A64-8C0A-1E23016AFF02}.Release|Any CPU.ActiveCfg = Release|Any CPU
		{96167142-C1FD-4A64-8C0A-1E23016AFF02}.Release|Any CPU.Build.0 = Release|Any CPU
		{A4B17EA2-E738-49B8-9C1A-5C1DC953917B}.Debug|Any CPU.ActiveCfg = Debug|Any CPU
		{A4B17EA2-E738-49B8-9C1A-5C1DC953917B}.Debug|Any CPU.Build.0 = Debug|Any CPU
		{A4B17EA2-E738-49B8-9C1A-5C1DC953917B}.Release|Any CPU.ActiveCfg = Release|Any CPU
		{A4B17EA2-E738-49B8-9C1A-5C1DC953917B}.Release|Any CPU.Build.0 = Release|Any CPU
		{0F9B2924-567F-404B-BC29-B87AE330C3D3}.Debug|Any CPU.ActiveCfg = Debug|Any CPU
		{0F9B2924-567F-404B-BC29-B87AE330C3D3}.Debug|Any CPU.Build.0 = Debug|Any CPU
		{0F9B2924-567F-404B-BC29-B87AE330C3D3}.Release|Any CPU.ActiveCfg = Release|Any CPU
		{0F9B2924-567F-404B-BC29-B87AE330C3D3}.Release|Any CPU.Build.0 = Release|Any CPU
		{19D476EE-9251-40EC-ABEC-5C2D8F4B0390}.Debug|Any CPU.ActiveCfg = Debug|Any CPU
		{19D476EE-9251-40EC-ABEC-5C2D8F4B0390}.Debug|Any CPU.Build.0 = Debug|Any CPU
		{19D476EE-9251-40EC-ABEC-5C2D8F4B0390}.Release|Any CPU.ActiveCfg = Release|Any CPU
		{19D476EE-9251-40EC-ABEC-5C2D8F4B0390}.Release|Any CPU.Build.0 = Release|Any CPU
	EndGlobalSection
	GlobalSection(SolutionProperties) = preSolution
		HideSolutionNode = FALSE
	EndGlobalSection
	GlobalSection(ExtensibilityGlobals) = postSolution
		SolutionGuid = {E15CAC3D-FFD9-4D1B-BB97-A5DC115D5F8B}
	EndGlobalSection
EndGlobal
